// !$*UTF8*$!
{
	archiveVersion = 1;
	classes = {
	};
	objectVersion = 50;
	objects = {

/* Begin PBXBuildFile section */
		EFAE053024F589FD003249B7 /* AppDelegate.swift in Sources */ = {isa = PBXBuildFile; fileRef = EFAE052F24F589FD003249B7 /* AppDelegate.swift */; };
		EFAE053224F589FD003249B7 /* SceneDelegate.swift in Sources */ = {isa = PBXBuildFile; fileRef = EFAE053124F589FD003249B7 /* SceneDelegate.swift */; };
		EFAE053924F589FF003249B7 /* Assets.xcassets in Resources */ = {isa = PBXBuildFile; fileRef = EFAE053824F589FF003249B7 /* Assets.xcassets */; };
		EFAE053C24F589FF003249B7 /* LaunchScreen.storyboard in Resources */ = {isa = PBXBuildFile; fileRef = EFAE053A24F589FF003249B7 /* LaunchScreen.storyboard */; };
		EFAE054524F58B0E003249B7 /* LoginViewController.swift in Sources */ = {isa = PBXBuildFile; fileRef = EFAE054324F58B0E003249B7 /* LoginViewController.swift */; };
		EFAE054624F58B0E003249B7 /* LoginViewController.xib in Resources */ = {isa = PBXBuildFile; fileRef = EFAE054424F58B0E003249B7 /* LoginViewController.xib */; };
		EFAE054A24F58DA7003249B7 /* CreateOdeViewController.swift in Sources */ = {isa = PBXBuildFile; fileRef = EFAE054824F58DA7003249B7 /* CreateOdeViewController.swift */; };
		EFAE054B24F58DA7003249B7 /* CreateOdeViewController.xib in Resources */ = {isa = PBXBuildFile; fileRef = EFAE054924F58DA7003249B7 /* CreateOdeViewController.xib */; };
		EFAE056D24F5A824003249B7 /* CameraPreviewView.swift in Sources */ = {isa = PBXBuildFile; fileRef = EFAE056C24F5A824003249B7 /* CameraPreviewView.swift */; };
		EFAE057224F6AFA4003249B7 /* VideoPlayerView.swift in Sources */ = {isa = PBXBuildFile; fileRef = EFAE057124F6AFA4003249B7 /* VideoPlayerView.swift */; };
		EFAE057524F85929003249B7 /* EditNodeViewController.swift in Sources */ = {isa = PBXBuildFile; fileRef = EFAE057324F85929003249B7 /* EditNodeViewController.swift */; };
		EFAE057624F85929003249B7 /* EditNodeViewController.xib in Resources */ = {isa = PBXBuildFile; fileRef = EFAE057424F85929003249B7 /* EditNodeViewController.xib */; };
		EFAE057A24F860EA003249B7 /* DropOdeViewController.swift in Sources */ = {isa = PBXBuildFile; fileRef = EFAE057824F860EA003249B7 /* DropOdeViewController.swift */; };
		EFAE057B24F860EA003249B7 /* DropOdeViewController.xib in Resources */ = {isa = PBXBuildFile; fileRef = EFAE057924F860EA003249B7 /* DropOdeViewController.xib */; };
/* End PBXBuildFile section */

/* Begin PBXFileReference section */
		EFAE052C24F589FD003249B7 /* Ode.app */ = {isa = PBXFileReference; explicitFileType = wrapper.application; includeInIndex = 0; path = Ode.app; sourceTree = BUILT_PRODUCTS_DIR; };
		EFAE052F24F589FD003249B7 /* AppDelegate.swift */ = {isa = PBXFileReference; lastKnownFileType = sourcecode.swift; path = AppDelegate.swift; sourceTree = "<group>"; };
		EFAE053124F589FD003249B7 /* SceneDelegate.swift */ = {isa = PBXFileReference; lastKnownFileType = sourcecode.swift; path = SceneDelegate.swift; sourceTree = "<group>"; };
		EFAE053824F589FF003249B7 /* Assets.xcassets */ = {isa = PBXFileReference; lastKnownFileType = folder.assetcatalog; path = Assets.xcassets; sourceTree = "<group>"; };
		EFAE053B24F589FF003249B7 /* Base */ = {isa = PBXFileReference; lastKnownFileType = file.storyboard; name = Base; path = Base.lproj/LaunchScreen.storyboard; sourceTree = "<group>"; };
		EFAE053D24F589FF003249B7 /* Info.plist */ = {isa = PBXFileReference; lastKnownFileType = text.plist.xml; path = Info.plist; sourceTree = "<group>"; };
		EFAE054324F58B0E003249B7 /* LoginViewController.swift */ = {isa = PBXFileReference; lastKnownFileType = sourcecode.swift; path = LoginViewController.swift; sourceTree = "<group>"; };
		EFAE054424F58B0E003249B7 /* LoginViewController.xib */ = {isa = PBXFileReference; lastKnownFileType = file.xib; path = LoginViewController.xib; sourceTree = "<group>"; };
		EFAE054824F58DA7003249B7 /* CreateOdeViewController.swift */ = {isa = PBXFileReference; lastKnownFileType = sourcecode.swift; path = CreateOdeViewController.swift; sourceTree = "<group>"; };
		EFAE054924F58DA7003249B7 /* CreateOdeViewController.xib */ = {isa = PBXFileReference; lastKnownFileType = file.xib; path = CreateOdeViewController.xib; sourceTree = "<group>"; };
		EFAE056C24F5A824003249B7 /* CameraPreviewView.swift */ = {isa = PBXFileReference; lastKnownFileType = sourcecode.swift; path = CameraPreviewView.swift; sourceTree = "<group>"; };
		EFAE057124F6AFA4003249B7 /* VideoPlayerView.swift */ = {isa = PBXFileReference; lastKnownFileType = sourcecode.swift; path = VideoPlayerView.swift; sourceTree = "<group>"; };
		EFAE057324F85929003249B7 /* EditNodeViewController.swift */ = {isa = PBXFileReference; lastKnownFileType = sourcecode.swift; path = EditNodeViewController.swift; sourceTree = "<group>"; };
		EFAE057424F85929003249B7 /* EditNodeViewController.xib */ = {isa = PBXFileReference; lastKnownFileType = file.xib; path = EditNodeViewController.xib; sourceTree = "<group>"; };
		EFAE057824F860EA003249B7 /* DropOdeViewController.swift */ = {isa = PBXFileReference; lastKnownFileType = sourcecode.swift; path = DropOdeViewController.swift; sourceTree = "<group>"; };
		EFAE057924F860EA003249B7 /* DropOdeViewController.xib */ = {isa = PBXFileReference; lastKnownFileType = file.xib; path = DropOdeViewController.xib; sourceTree = "<group>"; };
/* End PBXFileReference section */

/* Begin PBXFrameworksBuildPhase section */
		EFAE052924F589FD003249B7 /* Frameworks */ = {
			isa = PBXFrameworksBuildPhase;
			buildActionMask = 2147483647;
			files = (
			);
			runOnlyForDeploymentPostprocessing = 0;
		};
/* End PBXFrameworksBuildPhase section */

/* Begin PBXGroup section */
		EFAE052324F589FD003249B7 = {
			isa = PBXGroup;
			children = (
				EFAE052E24F589FD003249B7 /* Ode */,
				EFAE052D24F589FD003249B7 /* Products */,
			);
			sourceTree = "<group>";
		};
		EFAE052D24F589FD003249B7 /* Products */ = {
			isa = PBXGroup;
			children = (
				EFAE052C24F589FD003249B7 /* Ode.app */,
			);
			name = Products;
			sourceTree = "<group>";
		};
		EFAE052E24F589FD003249B7 /* Ode */ = {
			isa = PBXGroup;
			children = (
				EFAE052F24F589FD003249B7 /* AppDelegate.swift */,
				EFAE053124F589FD003249B7 /* SceneDelegate.swift */,
				EFAE056E24F5A82A003249B7 /* Views */,
				EFAE054724F58B17003249B7 /* ViewControllers */,
				EFAE053824F589FF003249B7 /* Assets.xcassets */,
				EFAE053A24F589FF003249B7 /* LaunchScreen.storyboard */,
				EFAE053D24F589FF003249B7 /* Info.plist */,
			);
			path = Ode;
			sourceTree = "<group>";
		};
		EFAE054724F58B17003249B7 /* ViewControllers */ = {
			isa = PBXGroup;
			children = (
				EFAE056F24F5BB80003249B7 /* LoginVC */,
				EFAE057024F5BB8E003249B7 /* CreateOdeVC */,
				EFAE057724F85930003249B7 /* EditNodeVC */,
				EFAE057C24F860F1003249B7 /* DropOdeVC */,
			);
			path = ViewControllers;
			sourceTree = "<group>";
		};
		EFAE056E24F5A82A003249B7 /* Views */ = {
			isa = PBXGroup;
			children = (
				EFAE056C24F5A824003249B7 /* CameraPreviewView.swift */,
				EFAE057124F6AFA4003249B7 /* VideoPlayerView.swift */,
			);
			path = Views;
			sourceTree = "<group>";
		};
		EFAE056F24F5BB80003249B7 /* LoginVC */ = {
			isa = PBXGroup;
			children = (
				EFAE054324F58B0E003249B7 /* LoginViewController.swift */,
				EFAE054424F58B0E003249B7 /* LoginViewController.xib */,
			);
			path = LoginVC;
			sourceTree = "<group>";
		};
		EFAE057024F5BB8E003249B7 /* CreateOdeVC */ = {
			isa = PBXGroup;
			children = (
				EFAE054824F58DA7003249B7 /* CreateOdeViewController.swift */,
				EFAE054924F58DA7003249B7 /* CreateOdeViewController.xib */,
			);
			path = CreateOdeVC;
			sourceTree = "<group>";
		};
		EFAE057724F85930003249B7 /* EditNodeVC */ = {
			isa = PBXGroup;
			children = (
				EFAE057324F85929003249B7 /* EditNodeViewController.swift */,
				EFAE057424F85929003249B7 /* EditNodeViewController.xib */,
			);
			path = EditNodeVC;
			sourceTree = "<group>";
		};
		EFAE057C24F860F1003249B7 /* DropOdeVC */ = {
			isa = PBXGroup;
			children = (
				EFAE057824F860EA003249B7 /* DropOdeViewController.swift */,
				EFAE057924F860EA003249B7 /* DropOdeViewController.xib */,
			);
			path = DropOdeVC;
			sourceTree = "<group>";
		};
/* End PBXGroup section */

/* Begin PBXNativeTarget section */
		EFAE052B24F589FD003249B7 /* Ode */ = {
			isa = PBXNativeTarget;
			buildConfigurationList = EFAE054024F589FF003249B7 /* Build configuration list for PBXNativeTarget "Ode" */;
			buildPhases = (
				EFAE052824F589FD003249B7 /* Sources */,
				EFAE052924F589FD003249B7 /* Frameworks */,
				EFAE052A24F589FD003249B7 /* Resources */,
			);
			buildRules = (
			);
			dependencies = (
			);
			name = Ode;
			productName = Ode;
			productReference = EFAE052C24F589FD003249B7 /* Ode.app */;
			productType = "com.apple.product-type.application";
		};
/* End PBXNativeTarget section */

/* Begin PBXProject section */
		EFAE052424F589FD003249B7 /* Project object */ = {
			isa = PBXProject;
			attributes = {
				LastSwiftUpdateCheck = 1160;
				LastUpgradeCheck = 1160;
				ORGANIZATIONNAME = "Luqmaan Khan";
				TargetAttributes = {
					EFAE052B24F589FD003249B7 = {
						CreatedOnToolsVersion = 11.6;
					};
				};
			};
			buildConfigurationList = EFAE052724F589FD003249B7 /* Build configuration list for PBXProject "Ode" */;
			compatibilityVersion = "Xcode 9.3";
			developmentRegion = en;
			hasScannedForEncodings = 0;
			knownRegions = (
				en,
				Base,
			);
			mainGroup = EFAE052324F589FD003249B7;
			productRefGroup = EFAE052D24F589FD003249B7 /* Products */;
			projectDirPath = "";
			projectRoot = "";
			targets = (
				EFAE052B24F589FD003249B7 /* Ode */,
			);
		};
/* End PBXProject section */

/* Begin PBXResourcesBuildPhase section */
		EFAE052A24F589FD003249B7 /* Resources */ = {
			isa = PBXResourcesBuildPhase;
			buildActionMask = 2147483647;
			files = (
				EFAE057B24F860EA003249B7 /* DropOdeViewController.xib in Resources */,
				EFAE053C24F589FF003249B7 /* LaunchScreen.storyboard in Resources */,
				EFAE053924F589FF003249B7 /* Assets.xcassets in Resources */,
				EFAE054624F58B0E003249B7 /* LoginViewController.xib in Resources */,
				EFAE054B24F58DA7003249B7 /* CreateOdeViewController.xib in Resources */,
				EFAE057624F85929003249B7 /* EditNodeViewController.xib in Resources */,
			);
			runOnlyForDeploymentPostprocessing = 0;
		};
/* End PBXResourcesBuildPhase section */

/* Begin PBXSourcesBuildPhase section */
		EFAE052824F589FD003249B7 /* Sources */ = {
			isa = PBXSourcesBuildPhase;
			buildActionMask = 2147483647;
			files = (
				EFAE054524F58B0E003249B7 /* LoginViewController.swift in Sources */,
				EFAE053024F589FD003249B7 /* AppDelegate.swift in Sources */,
				EFAE057A24F860EA003249B7 /* DropOdeViewController.swift in Sources */,
				EFAE057524F85929003249B7 /* EditNodeViewController.swift in Sources */,
				EFAE056D24F5A824003249B7 /* CameraPreviewView.swift in Sources */,
				EFAE053224F589FD003249B7 /* SceneDelegate.swift in Sources */,
				EFAE054A24F58DA7003249B7 /* CreateOdeViewController.swift in Sources */,
				EFAE057224F6AFA4003249B7 /* VideoPlayerView.swift in Sources */,
			);
			runOnlyForDeploymentPostprocessing = 0;
		};
/* End PBXSourcesBuildPhase section */

/* Begin PBXVariantGroup section */
		EFAE053A24F589FF003249B7 /* LaunchScreen.storyboard */ = {
			isa = PBXVariantGroup;
			children = (
				EFAE053B24F589FF003249B7 /* Base */,
			);
			name = LaunchScreen.storyboard;
			sourceTree = "<group>";
		};
/* End PBXVariantGroup section */

/* Begin XCBuildConfiguration section */
		EFAE053E24F589FF003249B7 /* Debug */ = {
			isa = XCBuildConfiguration;
			buildSettings = {
				ALWAYS_SEARCH_USER_PATHS = NO;
				CLANG_ANALYZER_NONNULL = YES;
				CLANG_ANALYZER_NUMBER_OBJECT_CONVERSION = YES_AGGRESSIVE;
				CLANG_CXX_LANGUAGE_STANDARD = "gnu++14";
				CLANG_CXX_LIBRARY = "libc++";
				CLANG_ENABLE_MODULES = YES;
				CLANG_ENABLE_OBJC_ARC = YES;
				CLANG_ENABLE_OBJC_WEAK = YES;
				CLANG_WARN_BLOCK_CAPTURE_AUTORELEASING = YES;
				CLANG_WARN_BOOL_CONVERSION = YES;
				CLANG_WARN_COMMA = YES;
				CLANG_WARN_CONSTANT_CONVERSION = YES;
				CLANG_WARN_DEPRECATED_OBJC_IMPLEMENTATIONS = YES;
				CLANG_WARN_DIRECT_OBJC_ISA_USAGE = YES_ERROR;
				CLANG_WARN_DOCUMENTATION_COMMENTS = YES;
				CLANG_WARN_EMPTY_BODY = YES;
				CLANG_WARN_ENUM_CONVERSION = YES;
				CLANG_WARN_INFINITE_RECURSION = YES;
				CLANG_WARN_INT_CONVERSION = YES;
				CLANG_WARN_NON_LITERAL_NULL_CONVERSION = YES;
				CLANG_WARN_OBJC_IMPLICIT_RETAIN_SELF = YES;
				CLANG_WARN_OBJC_LITERAL_CONVERSION = YES;
				CLANG_WARN_OBJC_ROOT_CLASS = YES_ERROR;
				CLANG_WARN_RANGE_LOOP_ANALYSIS = YES;
				CLANG_WARN_STRICT_PROTOTYPES = YES;
				CLANG_WARN_SUSPICIOUS_MOVE = YES;
				CLANG_WARN_UNGUARDED_AVAILABILITY = YES_AGGRESSIVE;
				CLANG_WARN_UNREACHABLE_CODE = YES;
				CLANG_WARN__DUPLICATE_METHOD_MATCH = YES;
				COPY_PHASE_STRIP = NO;
				DEBUG_INFORMATION_FORMAT = dwarf;
				ENABLE_STRICT_OBJC_MSGSEND = YES;
				ENABLE_TESTABILITY = YES;
				GCC_C_LANGUAGE_STANDARD = gnu11;
				GCC_DYNAMIC_NO_PIC = NO;
				GCC_NO_COMMON_BLOCKS = YES;
				GCC_OPTIMIZATION_LEVEL = 0;
				GCC_PREPROCESSOR_DEFINITIONS = (
					"DEBUG=1",
					"$(inherited)",
				);
				GCC_WARN_64_TO_32_BIT_CONVERSION = YES;
				GCC_WARN_ABOUT_RETURN_TYPE = YES_ERROR;
				GCC_WARN_UNDECLARED_SELECTOR = YES;
				GCC_WARN_UNINITIALIZED_AUTOS = YES_AGGRESSIVE;
				GCC_WARN_UNUSED_FUNCTION = YES;
				GCC_WARN_UNUSED_VARIABLE = YES;
				IPHONEOS_DEPLOYMENT_TARGET = 13.6;
				MTL_ENABLE_DEBUG_INFO = INCLUDE_SOURCE;
				MTL_FAST_MATH = YES;
				ONLY_ACTIVE_ARCH = YES;
				SDKROOT = iphoneos;
				SWIFT_ACTIVE_COMPILATION_CONDITIONS = DEBUG;
				SWIFT_OPTIMIZATION_LEVEL = "-Onone";
			};
			name = Debug;
		};
		EFAE053F24F589FF003249B7 /* Release */ = {
			isa = XCBuildConfiguration;
			buildSettings = {
				ALWAYS_SEARCH_USER_PATHS = NO;
				CLANG_ANALYZER_NONNULL = YES;
				CLANG_ANALYZER_NUMBER_OBJECT_CONVERSION = YES_AGGRESSIVE;
				CLANG_CXX_LANGUAGE_STANDARD = "gnu++14";
				CLANG_CXX_LIBRARY = "libc++";
				CLANG_ENABLE_MODULES = YES;
				CLANG_ENABLE_OBJC_ARC = YES;
				CLANG_ENABLE_OBJC_WEAK = YES;
				CLANG_WARN_BLOCK_CAPTURE_AUTORELEASING = YES;
				CLANG_WARN_BOOL_CONVERSION = YES;
				CLANG_WARN_COMMA = YES;
				CLANG_WARN_CONSTANT_CONVERSION = YES;
				CLANG_WARN_DEPRECATED_OBJC_IMPLEMENTATIONS = YES;
				CLANG_WARN_DIRECT_OBJC_ISA_USAGE = YES_ERROR;
				CLANG_WARN_DOCUMENTATION_COMMENTS = YES;
				CLANG_WARN_EMPTY_BODY = YES;
				CLANG_WARN_ENUM_CONVERSION = YES;
				CLANG_WARN_INFINITE_RECURSION = YES;
				CLANG_WARN_INT_CONVERSION = YES;
				CLANG_WARN_NON_LITERAL_NULL_CONVERSION = YES;
				CLANG_WARN_OBJC_IMPLICIT_RETAIN_SELF = YES;
				CLANG_WARN_OBJC_LITERAL_CONVERSION = YES;
				CLANG_WARN_OBJC_ROOT_CLASS = YES_ERROR;
				CLANG_WARN_RANGE_LOOP_ANALYSIS = YES;
				CLANG_WARN_STRICT_PROTOTYPES = YES;
				CLANG_WARN_SUSPICIOUS_MOVE = YES;
				CLANG_WARN_UNGUARDED_AVAILABILITY = YES_AGGRESSIVE;
				CLANG_WARN_UNREACHABLE_CODE = YES;
				CLANG_WARN__DUPLICATE_METHOD_MATCH = YES;
				COPY_PHASE_STRIP = NO;
				DEBUG_INFORMATION_FORMAT = "dwarf-with-dsym";
				ENABLE_NS_ASSERTIONS = NO;
				ENABLE_STRICT_OBJC_MSGSEND = YES;
				GCC_C_LANGUAGE_STANDARD = gnu11;
				GCC_NO_COMMON_BLOCKS = YES;
				GCC_WARN_64_TO_32_BIT_CONVERSION = YES;
				GCC_WARN_ABOUT_RETURN_TYPE = YES_ERROR;
				GCC_WARN_UNDECLARED_SELECTOR = YES;
				GCC_WARN_UNINITIALIZED_AUTOS = YES_AGGRESSIVE;
				GCC_WARN_UNUSED_FUNCTION = YES;
				GCC_WARN_UNUSED_VARIABLE = YES;
				IPHONEOS_DEPLOYMENT_TARGET = 13.6;
				MTL_ENABLE_DEBUG_INFO = NO;
				MTL_FAST_MATH = YES;
				SDKROOT = iphoneos;
				SWIFT_COMPILATION_MODE = wholemodule;
				SWIFT_OPTIMIZATION_LEVEL = "-O";
				VALIDATE_PRODUCT = YES;
			};
			name = Release;
		};
		EFAE054124F589FF003249B7 /* Debug */ = {
			isa = XCBuildConfiguration;
			buildSettings = {
				ASSETCATALOG_COMPILER_APPICON_NAME = AppIcon;
				CODE_SIGN_STYLE = Automatic;
				DEVELOPMENT_TEAM = HQGJU6Q728;
				INFOPLIST_FILE = Ode/Info.plist;
				LD_RUNPATH_SEARCH_PATHS = (
					"$(inherited)",
					"@executable_path/Frameworks",
				);
				PRODUCT_BUNDLE_IDENTIFIER = com.luqmaankhan.Ode;
				PRODUCT_NAME = "$(TARGET_NAME)";
				SWIFT_VERSION = 5.0;
				TARGETED_DEVICE_FAMILY = "1,2";
			};
			name = Debug;
		};
		EFAE054224F589FF003249B7 /* Release */ = {
			isa = XCBuildConfiguration;
			buildSettings = {
				ASSETCATALOG_COMPILER_APPICON_NAME = AppIcon;
				CODE_SIGN_STYLE = Automatic;
				DEVELOPMENT_TEAM = HQGJU6Q728;
				INFOPLIST_FILE = Ode/Info.plist;
				LD_RUNPATH_SEARCH_PATHS = (
					"$(inherited)",
					"@executable_path/Frameworks",
				);
				PRODUCT_BUNDLE_IDENTIFIER = com.luqmaankhan.Ode;
				PRODUCT_NAME = "$(TARGET_NAME)";
				SWIFT_VERSION = 5.0;
				TARGETED_DEVICE_FAMILY = "1,2";
			};
			name = Release;
		};
/* End XCBuildConfiguration section */

/* Begin XCConfigurationList section */
		EFAE052724F589FD003249B7 /* Build configuration list for PBXProject "Ode" */ = {
			isa = XCConfigurationList;
			buildConfigurations = (
				EFAE053E24F589FF003249B7 /* Debug */,
				EFAE053F24F589FF003249B7 /* Release */,
			);
			defaultConfigurationIsVisible = 0;
			defaultConfigurationName = Release;
		};
		EFAE054024F589FF003249B7 /* Build configuration list for PBXNativeTarget "Ode" */ = {
			isa = XCConfigurationList;
			buildConfigurations = (
				EFAE054124F589FF003249B7 /* Debug */,
				EFAE054224F589FF003249B7 /* Release */,
			);
			defaultConfigurationIsVisible = 0;
			defaultConfigurationName = Release;
		};
/* End XCConfigurationList section */
	};
	rootObject = EFAE052424F589FD003249B7 /* Project object */;
}
